// !$*UTF8*$!
{
	archiveVersion = 1;
	classes = {
	};
	objectVersion = 55;
	objects = {

/* Begin PBXBuildFile section */
		1648A50728A6EA20002F587C /* RecipeListingApp.swift in Sources */ = {isa = PBXBuildFile; fileRef = 1648A50628A6EA20002F587C /* RecipeListingApp.swift */; };
		1648A50928A6EA20002F587C /* RecipeListView.swift in Sources */ = {isa = PBXBuildFile; fileRef = 1648A50828A6EA20002F587C /* RecipeListView.swift */; };
		1648A50B28A6EA21002F587C /* Assets.xcassets in Resources */ = {isa = PBXBuildFile; fileRef = 1648A50A28A6EA21002F587C /* Assets.xcassets */; };
		1648A50E28A6EA21002F587C /* Preview Assets.xcassets in Resources */ = {isa = PBXBuildFile; fileRef = 1648A50D28A6EA21002F587C /* Preview Assets.xcassets */; };
		1648A51A28A6EB13002F587C /* recipes.json in Resources */ = {isa = PBXBuildFile; fileRef = 1648A51928A6EB13002F587C /* recipes.json */; };
		1648A51E28A6EBE1002F587C /* Recipe.swift in Sources */ = {isa = PBXBuildFile; fileRef = 1648A51D28A6EBE1002F587C /* Recipe.swift */; };
		1648A52028A6ED2E002F587C /* RecipeModel.swift in Sources */ = {isa = PBXBuildFile; fileRef = 1648A51F28A6ED2E002F587C /* RecipeModel.swift */; };
		1648A52228A6EE55002F587C /* DataService.swift in Sources */ = {isa = PBXBuildFile; fileRef = 1648A52128A6EE55002F587C /* DataService.swift */; };
		1648A52428A7BA1E002F587C /* RecipeDetailView.swift in Sources */ = {isa = PBXBuildFile; fileRef = 1648A52328A7BA1E002F587C /* RecipeDetailView.swift */; };
		1648A58728AA8A8D002F587C /* RecipeTabView.swift in Sources */ = {isa = PBXBuildFile; fileRef = 1648A58628AA8A8C002F587C /* RecipeTabView.swift */; };
/* End PBXBuildFile section */

/* Begin PBXFileReference section */
		1648A50328A6EA20002F587C /* RecipeListing.app */ = {isa = PBXFileReference; explicitFileType = wrapper.application; includeInIndex = 0; path = RecipeListing.app; sourceTree = BUILT_PRODUCTS_DIR; };
		1648A50628A6EA20002F587C /* RecipeListingApp.swift */ = {isa = PBXFileReference; lastKnownFileType = sourcecode.swift; path = RecipeListingApp.swift; sourceTree = "<group>"; };
		1648A50828A6EA20002F587C /* RecipeListView.swift */ = {isa = PBXFileReference; lastKnownFileType = sourcecode.swift; path = RecipeListView.swift; sourceTree = "<group>"; };
		1648A50A28A6EA21002F587C /* Assets.xcassets */ = {isa = PBXFileReference; lastKnownFileType = folder.assetcatalog; path = Assets.xcassets; sourceTree = "<group>"; };
		1648A50D28A6EA21002F587C /* Preview Assets.xcassets */ = {isa = PBXFileReference; lastKnownFileType = folder.assetcatalog; path = "Preview Assets.xcassets"; sourceTree = "<group>"; };
		1648A51928A6EB13002F587C /* recipes.json */ = {isa = PBXFileReference; fileEncoding = 4; lastKnownFileType = text.json; path = recipes.json; sourceTree = "<group>"; };
		1648A51D28A6EBE1002F587C /* Recipe.swift */ = {isa = PBXFileReference; lastKnownFileType = sourcecode.swift; path = Recipe.swift; sourceTree = "<group>"; };
		1648A51F28A6ED2E002F587C /* RecipeModel.swift */ = {isa = PBXFileReference; lastKnownFileType = sourcecode.swift; path = RecipeModel.swift; sourceTree = "<group>"; };
		1648A52128A6EE55002F587C /* DataService.swift */ = {isa = PBXFileReference; lastKnownFileType = sourcecode.swift; path = DataService.swift; sourceTree = "<group>"; };
		1648A52328A7BA1E002F587C /* RecipeDetailView.swift */ = {isa = PBXFileReference; lastKnownFileType = sourcecode.swift; path = RecipeDetailView.swift; sourceTree = "<group>"; };
		1648A58628AA8A8C002F587C /* RecipeTabView.swift */ = {isa = PBXFileReference; lastKnownFileType = sourcecode.swift; path = RecipeTabView.swift; sourceTree = "<group>"; };
/* End PBXFileReference section */

/* Begin PBXFrameworksBuildPhase section */
		1648A50028A6EA20002F587C /* Frameworks */ = {
			isa = PBXFrameworksBuildPhase;
			buildActionMask = 2147483647;
			files = (
			);
			runOnlyForDeploymentPostprocessing = 0;
		};
/* End PBXFrameworksBuildPhase section */

/* Begin PBXGroup section */
		1648A4FA28A6EA20002F587C = {
			isa = PBXGroup;
			children = (
				1648A50528A6EA20002F587C /* RecipeListing */,
				1648A50428A6EA20002F587C /* Products */,
			);
			sourceTree = "<group>";
		};
		1648A50428A6EA20002F587C /* Products */ = {
			isa = PBXGroup;
			children = (
				1648A50328A6EA20002F587C /* RecipeListing.app */,
			);
			name = Products;
			sourceTree = "<group>";
		};
		1648A50528A6EA20002F587C /* RecipeListing */ = {
			isa = PBXGroup;
			children = (
				1648A50628A6EA20002F587C /* RecipeListingApp.swift */,
				1648A51428A6EA59002F587C /* Views */,
				1648A51628A6EA67002F587C /* ViewModels */,
				1648A51528A6EA5F002F587C /* Models */,
				1648A51728A6EA6E002F587C /* Data */,
				1648A51C28A6EBBE002F587C /* Services */,
				1648A50A28A6EA21002F587C /* Assets.xcassets */,
				1648A50C28A6EA21002F587C /* Preview Content */,
			);
			path = RecipeListing;
			sourceTree = "<group>";
		};
		1648A50C28A6EA21002F587C /* Preview Content */ = {
			isa = PBXGroup;
			children = (
				1648A51B28A6EB93002F587C /* Services */,
				1648A50D28A6EA21002F587C /* Preview Assets.xcassets */,
			);
			path = "Preview Content";
			sourceTree = "<group>";
		};
		1648A51428A6EA59002F587C /* Views */ = {
			isa = PBXGroup;
			children = (
				1648A50828A6EA20002F587C /* RecipeListView.swift */,
				1648A52328A7BA1E002F587C /* RecipeDetailView.swift */,
				1648A58628AA8A8C002F587C /* RecipeTabView.swift */,
			);
			path = Views;
			sourceTree = "<group>";
		};
		1648A51528A6EA5F002F587C /* Models */ = {
			isa = PBXGroup;
			children = (
				1648A51D28A6EBE1002F587C /* Recipe.swift */,
			);
			path = Models;
			sourceTree = "<group>";
		};
		1648A51628A6EA67002F587C /* ViewModels */ = {
			isa = PBXGroup;
			children = (
				1648A51F28A6ED2E002F587C /* RecipeModel.swift */,
			);
			path = ViewModels;
			sourceTree = "<group>";
		};
		1648A51728A6EA6E002F587C /* Data */ = {
			isa = PBXGroup;
			children = (
				1648A51928A6EB13002F587C /* recipes.json */,
			);
			path = Data;
			sourceTree = "<group>";
		};
		1648A51B28A6EB93002F587C /* Services */ = {
			isa = PBXGroup;
			children = (
			);
			path = Services;
			sourceTree = "<group>";
		};
		1648A51C28A6EBBE002F587C /* Services */ = {
			isa = PBXGroup;
			children = (
				1648A52128A6EE55002F587C /* DataService.swift */,
			);
			path = Services;
			sourceTree = "<group>";
		};
/* End PBXGroup section */

/* Begin PBXNativeTarget section */
		1648A50228A6EA20002F587C /* RecipeListing */ = {
			isa = PBXNativeTarget;
			buildConfigurationList = 1648A51128A6EA21002F587C /* Build configuration list for PBXNativeTarget "RecipeListing" */;
			buildPhases = (
				1648A4FF28A6EA20002F587C /* Sources */,
				1648A50028A6EA20002F587C /* Frameworks */,
				1648A50128A6EA20002F587C /* Resources */,
			);
			buildRules = (
			);
			dependencies = (
			);
			name = RecipeListing;
			productName = RecipeListing;
			productReference = 1648A50328A6EA20002F587C /* RecipeListing.app */;
			productType = "com.apple.product-type.application";
		};
/* End PBXNativeTarget section */

/* Begin PBXProject section */
		1648A4FB28A6EA20002F587C /* Project object */ = {
			isa = PBXProject;
			attributes = {
				BuildIndependentTargetsInParallel = 1;
				LastSwiftUpdateCheck = 1340;
				LastUpgradeCheck = 1340;
				TargetAttributes = {
					1648A50228A6EA20002F587C = {
						CreatedOnToolsVersion = 13.4.1;
					};
				};
			};
			buildConfigurationList = 1648A4FE28A6EA20002F587C /* Build configuration list for PBXProject "RecipeListing" */;
			compatibilityVersion = "Xcode 13.0";
			developmentRegion = en;
			hasScannedForEncodings = 0;
			knownRegions = (
				en,
				Base,
			);
			mainGroup = 1648A4FA28A6EA20002F587C;
			productRefGroup = 1648A50428A6EA20002F587C /* Products */;
			projectDirPath = "";
			projectRoot = "";
			targets = (
				1648A50228A6EA20002F587C /* RecipeListing */,
			);
		};
/* End PBXProject section */

/* Begin PBXResourcesBuildPhase section */
		1648A50128A6EA20002F587C /* Resources */ = {
			isa = PBXResourcesBuildPhase;
			buildActionMask = 2147483647;
			files = (
				1648A50E28A6EA21002F587C /* Preview Assets.xcassets in Resources */,
				1648A51A28A6EB13002F587C /* recipes.json in Resources */,
				1648A50B28A6EA21002F587C /* Assets.xcassets in Resources */,
			);
			runOnlyForDeploymentPostprocessing = 0;
		};
/* End PBXResourcesBuildPhase section */

/* Begin PBXSourcesBuildPhase section */
		1648A4FF28A6EA20002F587C /* Sources */ = {
			isa = PBXSourcesBuildPhase;
			buildActionMask = 2147483647;
			files = (
				1648A52228A6EE55002F587C /* DataService.swift in Sources */,
				1648A52428A7BA1E002F587C /* RecipeDetailView.swift in Sources */,
				1648A51E28A6EBE1002F587C /* Recipe.swift in Sources */,
				1648A52028A6ED2E002F587C /* RecipeModel.swift in Sources */,
				1648A50928A6EA20002F587C /* RecipeListView.swift in Sources */,
				1648A50728A6EA20002F587C /* RecipeListingApp.swift in Sources */,
				1648A58728AA8A8D002F587C /* RecipeTabView.swift in Sources */,
			);
			runOnlyForDeploymentPostprocessing = 0;
		};
/* End PBXSourcesBuildPhase section */

/* Begin XCBuildConfiguration section */
		1648A50F28A6EA21002F587C /* Debug */ = {
			isa = XCBuildConfiguration;
			buildSettings = {
				ALWAYS_SEARCH_USER_PATHS = NO;
				CLANG_ANALYZER_NONNULL = YES;
				CLANG_ANALYZER_NUMBER_OBJECT_CONVERSION = YES_AGGRESSIVE;
				CLANG_CXX_LANGUAGE_STANDARD = "gnu++17";
				CLANG_ENABLE_MODULES = YES;
				CLANG_ENABLE_OBJC_ARC = YES;
				CLANG_ENABLE_OBJC_WEAK = YES;
				CLANG_WARN_BLOCK_CAPTURE_AUTORELEASING = YES;
				CLANG_WARN_BOOL_CONVERSION = YES;
				CLANG_WARN_COMMA = YES;
				CLANG_WARN_CONSTANT_CONVERSION = YES;
				CLANG_WARN_DEPRECATED_OBJC_IMPLEMENTATIONS = YES;
				CLANG_WARN_DIRECT_OBJC_ISA_USAGE = YES_ERROR;
				CLANG_WARN_DOCUMENTATION_COMMENTS = YES;
				CLANG_WARN_EMPTY_BODY = YES;
				CLANG_WARN_ENUM_CONVERSION = YES;
				CLANG_WARN_INFINITE_RECURSION = YES;
				CLANG_WARN_INT_CONVERSION = YES;
				CLANG_WARN_NON_LITERAL_NULL_CONVERSION = YES;
				CLANG_WARN_OBJC_IMPLICIT_RETAIN_SELF = YES;
				CLANG_WARN_OBJC_LITERAL_CONVERSION = YES;
				CLANG_WARN_OBJC_ROOT_CLASS = YES_ERROR;
				CLANG_WARN_QUOTED_INCLUDE_IN_FRAMEWORK_HEADER = YES;
				CLANG_WARN_RANGE_LOOP_ANALYSIS = YES;
				CLANG_WARN_STRICT_PROTOTYPES = YES;
				CLANG_WARN_SUSPICIOUS_MOVE = YES;
				CLANG_WARN_UNGUARDED_AVAILABILITY = YES_AGGRESSIVE;
				CLANG_WARN_UNREACHABLE_CODE = YES;
				CLANG_WARN__DUPLICATE_METHOD_MATCH = YES;
				COPY_PHASE_STRIP = NO;
				DEBUG_INFORMATION_FORMAT = dwarf;
				ENABLE_STRICT_OBJC_MSGSEND = YES;
				ENABLE_TESTABILITY = YES;
				GCC_C_LANGUAGE_STANDARD = gnu11;
				GCC_DYNAMIC_NO_PIC = NO;
				GCC_NO_COMMON_BLOCKS = YES;
				GCC_OPTIMIZATION_LEVEL = 0;
				GCC_PREPROCESSOR_DEFINITIONS = (
					"DEBUG=1",
					"$(inherited)",
				);
				GCC_WARN_64_TO_32_BIT_CONVERSION = YES;
				GCC_WARN_ABOUT_RETURN_TYPE = YES_ERROR;
				GCC_WARN_UNDECLARED_SELECTOR = YES;
				GCC_WARN_UNINITIALIZED_AUTOS = YES_AGGRESSIVE;
				GCC_WARN_UNUSED_FUNCTION = YES;
				GCC_WARN_UNUSED_VARIABLE = YES;
				IPHONEOS_DEPLOYMENT_TARGET = 15.5;
				MTL_ENABLE_DEBUG_INFO = INCLUDE_SOURCE;
				MTL_FAST_MATH = YES;
				ONLY_ACTIVE_ARCH = YES;
				SDKROOT = iphoneos;
				SWIFT_ACTIVE_COMPILATION_CONDITIONS = DEBUG;
				SWIFT_OPTIMIZATION_LEVEL = "-Onone";
			};
			name = Debug;
		};
		1648A51028A6EA21002F587C /* Release */ = {
			isa = XCBuildConfiguration;
			buildSettings = {
				ALWAYS_SEARCH_USER_PATHS = NO;
				CLANG_ANALYZER_NONNULL = YES;
				CLANG_ANALYZER_NUMBER_OBJECT_CONVERSION = YES_AGGRESSIVE;
				CLANG_CXX_LANGUAGE_STANDARD = "gnu++17";
				CLANG_ENABLE_MODULES = YES;
				CLANG_ENABLE_OBJC_ARC = YES;
				CLANG_ENABLE_OBJC_WEAK = YES;
				CLANG_WARN_BLOCK_CAPTURE_AUTORELEASING = YES;
				CLANG_WARN_BOOL_CONVERSION = YES;
				CLANG_WARN_COMMA = YES;
				CLANG_WARN_CONSTANT_CONVERSION = YES;
				CLANG_WARN_DEPRECATED_OBJC_IMPLEMENTATIONS = YES;
				CLANG_WARN_DIRECT_OBJC_ISA_USAGE = YES_ERROR;
				CLANG_WARN_DOCUMENTATION_COMMENTS = YES;
				CLANG_WARN_EMPTY_BODY = YES;
				CLANG_WARN_ENUM_CONVERSION = YES;
				CLANG_WARN_INFINITE_RECURSION = YES;
				CLANG_WARN_INT_CONVERSION = YES;
				CLANG_WARN_NON_LITERAL_NULL_CONVERSION = YES;
				CLANG_WARN_OBJC_IMPLICIT_RETAIN_SELF = YES;
				CLANG_WARN_OBJC_LITERAL_CONVERSION = YES;
				CLANG_WARN_OBJC_ROOT_CLASS = YES_ERROR;
				CLANG_WARN_QUOTED_INCLUDE_IN_FRAMEWORK_HEADER = YES;
				CLANG_WARN_RANGE_LOOP_ANALYSIS = YES;
				CLANG_WARN_STRICT_PROTOTYPES = YES;
				CLANG_WARN_SUSPICIOUS_MOVE = YES;
				CLANG_WARN_UNGUARDED_AVAILABILITY = YES_AGGRESSIVE;
				CLANG_WARN_UNREACHABLE_CODE = YES;
				CLANG_WARN__DUPLICATE_METHOD_MATCH = YES;
				COPY_PHASE_STRIP = NO;
				DEBUG_INFORMATION_FORMAT = "dwarf-with-dsym";
				ENABLE_NS_ASSERTIONS = NO;
				ENABLE_STRICT_OBJC_MSGSEND = YES;
				GCC_C_LANGUAGE_STANDARD = gnu11;
				GCC_NO_COMMON_BLOCKS = YES;
				GCC_WARN_64_TO_32_BIT_CONVERSION = YES;
				GCC_WARN_ABOUT_RETURN_TYPE = YES_ERROR;
				GCC_WARN_UNDECLARED_SELECTOR = YES;
				GCC_WARN_UNINITIALIZED_AUTOS = YES_AGGRESSIVE;
				GCC_WARN_UNUSED_FUNCTION = YES;
				GCC_WARN_UNUSED_VARIABLE = YES;
				IPHONEOS_DEPLOYMENT_TARGET = 15.5;
				MTL_ENABLE_DEBUG_INFO = NO;
				MTL_FAST_MATH = YES;
				SDKROOT = iphoneos;
				SWIFT_COMPILATION_MODE = wholemodule;
				SWIFT_OPTIMIZATION_LEVEL = "-O";
				VALIDATE_PRODUCT = YES;
			};
			name = Release;
		};
		1648A51228A6EA21002F587C /* Debug */ = {
			isa = XCBuildConfiguration;
			buildSettings = {
				ASSETCATALOG_COMPILER_APPICON_NAME = AppIcon;
				ASSETCATALOG_COMPILER_GLOBAL_ACCENT_COLOR_NAME = AccentColor;
				CODE_SIGN_STYLE = Automatic;
				CURRENT_PROJECT_VERSION = 1;
				DEVELOPMENT_ASSET_PATHS = "\"RecipeListing/Preview Content\"";
				DEVELOPMENT_TEAM = C8M73HQUJH;
				ENABLE_PREVIEWS = YES;
				GENERATE_INFOPLIST_FILE = YES;
				INFOPLIST_KEY_UIApplicationSceneManifest_Generation = YES;
				INFOPLIST_KEY_UIApplicationSupportsIndirectInputEvents = YES;
				INFOPLIST_KEY_UILaunchScreen_Generation = YES;
				INFOPLIST_KEY_UISupportedInterfaceOrientations_iPad = "UIInterfaceOrientationPortrait UIInterfaceOrientationPortraitUpsideDown UIInterfaceOrientationLandscapeLeft UIInterfaceOrientationLandscapeRight";
				INFOPLIST_KEY_UISupportedInterfaceOrientations_iPhone = "UIInterfaceOrientationPortrait UIInterfaceOrientationLandscapeLeft UIInterfaceOrientationLandscapeRight";
				LD_RUNPATH_SEARCH_PATHS = (
					"$(inherited)",
					"@executable_path/Frameworks",
				);
				MARKETING_VERSION = 1.0;
				PRODUCT_BUNDLE_IDENTIFIER = com.stephaniedesmedt.RecipeListing;
				PRODUCT_NAME = "$(TARGET_NAME)";
				SWIFT_EMIT_LOC_STRINGS = YES;
				SWIFT_VERSION = 5.0;
				TARGETED_DEVICE_FAMILY = "1,2";
			};
			name = Debug;
		};
		1648A51328A6EA21002F587C /* Release */ = {
			isa = XCBuildConfiguration;
			buildSettings = {
				ASSETCATALOG_COMPILER_APPICON_NAME = AppIcon;
				ASSETCATALOG_COMPILER_GLOBAL_ACCENT_COLOR_NAME = AccentColor;
				CODE_SIGN_STYLE = Automatic;
				CURRENT_PROJECT_VERSION = 1;
				DEVELOPMENT_ASSET_PATHS = "\"RecipeListing/Preview Content\"";
				DEVELOPMENT_TEAM = C8M73HQUJH;
				ENABLE_PREVIEWS = YES;
				GENERATE_INFOPLIST_FILE = YES;
				INFOPLIST_KEY_UIApplicationSceneManifest_Generation = YES;
				INFOPLIST_KEY_UIApplicationSupportsIndirectInputEvents = YES;
				INFOPLIST_KEY_UILaunchScreen_Generation = YES;
				INFOPLIST_KEY_UISupportedInterfaceOrientations_iPad = "UIInterfaceOrientationPortrait UIInterfaceOrientationPortraitUpsideDown UIInterfaceOrientationLandscapeLeft UIInterfaceOrientationLandscapeRight";
				INFOPLIST_KEY_UISupportedInterfaceOrientations_iPhone = "UIInterfaceOrientationPortrait UIInterfaceOrientationLandscapeLeft UIInterfaceOrientationLandscapeRight";
				LD_RUNPATH_SEARCH_PATHS = (
					"$(inherited)",
					"@executable_path/Frameworks",
				);
				MARKETING_VERSION = 1.0;
				PRODUCT_BUNDLE_IDENTIFIER = com.stephaniedesmedt.RecipeListing;
				PRODUCT_NAME = "$(TARGET_NAME)";
				SWIFT_EMIT_LOC_STRINGS = YES;
				SWIFT_VERSION = 5.0;
				TARGETED_DEVICE_FAMILY = "1,2";
			};
			name = Release;
		};
/* End XCBuildConfiguration section */

/* Begin XCConfigurationList section */
		1648A4FE28A6EA20002F587C /* Build configuration list for PBXProject "RecipeListing" */ = {
			isa = XCConfigurationList;
			buildConfigurations = (
				1648A50F28A6EA21002F587C /* Debug */,
				1648A51028A6EA21002F587C /* Release */,
			);
			defaultConfigurationIsVisible = 0;
			defaultConfigurationName = Release;
		};
		1648A51128A6EA21002F587C /* Build configuration list for PBXNativeTarget "RecipeListing" */ = {
			isa = XCConfigurationList;
			buildConfigurations = (
				1648A51228A6EA21002F587C /* Debug */,
				1648A51328A6EA21002F587C /* Release */,
			);
			defaultConfigurationIsVisible = 0;
			defaultConfigurationName = Release;
		};
/* End XCConfigurationList section */
	};
	rootObject = 1648A4FB28A6EA20002F587C /* Project object */;
}
